
Microsoft Visual Studio Solution File, Format Version 12.00
# Visual Studio 15
VisualStudioVersion = 15.0.28307.329
MinimumVisualStudioVersion = 10.0.40219.1
Project("{8BC9CEB8-8B4A-11D0-8D11-00A0C91BC942}") = "Win_api_CircusCharlie4", "Win_api_CircusCharlie4\Win_api_CircusCharlie4.vcxproj", "{5867857C-A120-45CD-A14C-EC620EB222DB}"
EndProject
Global
	GlobalSection(SolutionConfigurationPlatforms) = preSolution
		Debug|x64 = Debug|x64
		Debug|x86 = Debug|x86
		Release|x64 = Release|x64
		Release|x86 = Release|x86
	EndGlobalSection
	GlobalSection(ProjectConfigurationPlatforms) = postSolution
		{5867857C-A120-45CD-A14C-EC620EB222DB}.Debug|x64.ActiveCfg = Debug|x64
		{5867857C-A120-45CD-A14C-EC620EB222DB}.Debug|x64.Build.0 = Debug|x64
		{5867857C-A120-45CD-A14C-EC620EB222DB}.Debug|x86.ActiveCfg = Debug|Win32
		{5867857C-A120-45CD-A14C-EC620EB222DB}.Debug|x86.Build.0 = Debug|Win32
		{5867857C-A120-45CD-A14C-EC620EB222DB}.Release|x64.ActiveCfg = Release|x64
		{5867857C-A120-45CD-A14C-EC620EB222DB}.Release|x64.Build.0 = Release|x64
		{5867857C-A120-45CD-A14C-EC620EB222DB}.Release|x86.ActiveCfg = Release|Win32
		{5867857C-A120-45CD-A14C-EC620EB222DB}.Release|x86.Build.0 = Release|Win32
	EndGlobalSection
	GlobalSection(SolutionProperties) = preSolution
		HideSolutionNode = FALSE
	EndGlobalSection
	GlobalSection(ExtensibilityGlobals) = postSolution
		SolutionGuid = {7C1253F2-51B3-43AE-88D1-5113E0FAE7EF}
	EndGlobalSection
EndGlobal
