
Microsoft Visual Studio Solution File, Format Version 12.00
# Visual Studio 15
VisualStudioVersion = 15.0.28307.438
MinimumVisualStudioVersion = 10.0.40219.1
Project("{8BC9CEB8-8B4A-11D0-8D11-00A0C91BC942}") = "Win_api_Bitmap2", "Win_api_Bitmap2\Win_api_Bitmap2.vcxproj", "{6C7FC3D4-E972-45E0-8A2F-7A8B7B658DB7}"
EndProject
Global
	GlobalSection(SolutionConfigurationPlatforms) = preSolution
		Debug|x64 = Debug|x64
		Debug|x86 = Debug|x86
		Release|x64 = Release|x64
		Release|x86 = Release|x86
	EndGlobalSection
	GlobalSection(ProjectConfigurationPlatforms) = postSolution
		{6C7FC3D4-E972-45E0-8A2F-7A8B7B658DB7}.Debug|x64.ActiveCfg = Debug|x64
		{6C7FC3D4-E972-45E0-8A2F-7A8B7B658DB7}.Debug|x64.Build.0 = Debug|x64
		{6C7FC3D4-E972-45E0-8A2F-7A8B7B658DB7}.Debug|x86.ActiveCfg = Debug|Win32
		{6C7FC3D4-E972-45E0-8A2F-7A8B7B658DB7}.Debug|x86.Build.0 = Debug|Win32
		{6C7FC3D4-E972-45E0-8A2F-7A8B7B658DB7}.Release|x64.ActiveCfg = Release|x64
		{6C7FC3D4-E972-45E0-8A2F-7A8B7B658DB7}.Release|x64.Build.0 = Release|x64
		{6C7FC3D4-E972-45E0-8A2F-7A8B7B658DB7}.Release|x86.ActiveCfg = Release|Win32
		{6C7FC3D4-E972-45E0-8A2F-7A8B7B658DB7}.Release|x86.Build.0 = Release|Win32
	EndGlobalSection
	GlobalSection(SolutionProperties) = preSolution
		HideSolutionNode = FALSE
	EndGlobalSection
	GlobalSection(ExtensibilityGlobals) = postSolution
		SolutionGuid = {9BB0E56F-1DD2-47AE-9CD3-00E6AA338669}
	EndGlobalSection
EndGlobal
